
Microsoft Visual Studio Solution File, Format Version 12.00
# Visual Studio Version 16
VisualStudioVersion = 16.0.30114.105
MinimumVisualStudioVersion = 10.0.40219.1
Project("{2150E333-8FDC-42A3-9474-1A3956D46DE8}") = "src", "src", "{20293B33-80CC-4AF2-88E9-D31D93D04962}"
EndProject
Project("{FAE04EC0-301F-11D3-BF4B-00C04F79EFBC}") = "ProEShop.Web", "src\ProEShop.Web\ProEShop.Web.csproj", "{28D94A7F-EDA7-4534-91BA-D2FF819DE182}"
EndProject
Project("{FAE04EC0-301F-11D3-BF4B-00C04F79EFBC}") = "ProEShop.IocConfig", "src\ProEShop.IocConfig\ProEShop.IocConfig.csproj", "{7CBADFEE-1EB7-4CC9-B633-5BB1662E92D4}"
EndProject
Project("{FAE04EC0-301F-11D3-BF4B-00C04F79EFBC}") = "ProEShop.Services", "src\ProEShop.Services\ProEShop.Services.csproj", "{6A637AFD-BF6F-4E30-A959-420C4201BCDD}"
EndProject
Project("{FAE04EC0-301F-11D3-BF4B-00C04F79EFBC}") = "ProEShop.Common", "src\ProEShop.Common\ProEShop.Common.csproj", "{71D7643F-FB78-4704-BA97-FE79D9B39B34}"
EndProject
Project("{FAE04EC0-301F-11D3-BF4B-00C04F79EFBC}") = "ProEShop.ViewModels", "src\ProEShop.ViewModels\ProEShop.ViewModels.csproj", "{484115F0-4FBF-495C-8DF5-C1A2A381D7F3}"
EndProject
Project("{FAE04EC0-301F-11D3-BF4B-00C04F79EFBC}") = "ProEShop.DataLayer", "src\ProEShop.DataLayer\ProEShop.DataLayer.csproj", "{6727353F-98FF-4B69-B9DF-F1DF491B5C21}"
EndProject
Project("{FAE04EC0-301F-11D3-BF4B-00C04F79EFBC}") = "ProEShop.Entities", "src\ProEShop.Entities\ProEShop.Entities.csproj", "{E53D2973-01B3-4675-B6B7-59CDA7FCAC65}"
EndProject
Global
	GlobalSection(SolutionConfigurationPlatforms) = preSolution
		Debug|Any CPU = Debug|Any CPU
		Release|Any CPU = Release|Any CPU
	EndGlobalSection
	GlobalSection(SolutionProperties) = preSolution
		HideSolutionNode = FALSE
	EndGlobalSection
	GlobalSection(ProjectConfigurationPlatforms) = postSolution
		{28D94A7F-EDA7-4534-91BA-D2FF819DE182}.Debug|Any CPU.ActiveCfg = Debug|Any CPU
		{28D94A7F-EDA7-4534-91BA-D2FF819DE182}.Debug|Any CPU.Build.0 = Debug|Any CPU
		{28D94A7F-EDA7-4534-91BA-D2FF819DE182}.Release|Any CPU.ActiveCfg = Release|Any CPU
		{28D94A7F-EDA7-4534-91BA-D2FF819DE182}.Release|Any CPU.Build.0 = Release|Any CPU
		{7CBADFEE-1EB7-4CC9-B633-5BB1662E92D4}.Debug|Any CPU.ActiveCfg = Debug|Any CPU
		{7CBADFEE-1EB7-4CC9-B633-5BB1662E92D4}.Debug|Any CPU.Build.0 = Debug|Any CPU
		{7CBADFEE-1EB7-4CC9-B633-5BB1662E92D4}.Release|Any CPU.ActiveCfg = Release|Any CPU
		{7CBADFEE-1EB7-4CC9-B633-5BB1662E92D4}.Release|Any CPU.Build.0 = Release|Any CPU
		{6A637AFD-BF6F-4E30-A959-420C4201BCDD}.Debug|Any CPU.ActiveCfg = Debug|Any CPU
		{6A637AFD-BF6F-4E30-A959-420C4201BCDD}.Debug|Any CPU.Build.0 = Debug|Any CPU
		{6A637AFD-BF6F-4E30-A959-420C4201BCDD}.Release|Any CPU.ActiveCfg = Release|Any CPU
		{6A637AFD-BF6F-4E30-A959-420C4201BCDD}.Release|Any CPU.Build.0 = Release|Any CPU
		{71D7643F-FB78-4704-BA97-FE79D9B39B34}.Debug|Any CPU.ActiveCfg = Debug|Any CPU
		{71D7643F-FB78-4704-BA97-FE79D9B39B34}.Debug|Any CPU.Build.0 = Debug|Any CPU
		{71D7643F-FB78-4704-BA97-FE79D9B39B34}.Release|Any CPU.ActiveCfg = Release|Any CPU
		{71D7643F-FB78-4704-BA97-FE79D9B39B34}.Release|Any CPU.Build.0 = Release|Any CPU
		{484115F0-4FBF-495C-8DF5-C1A2A381D7F3}.Debug|Any CPU.ActiveCfg = Debug|Any CPU
		{484115F0-4FBF-495C-8DF5-C1A2A381D7F3}.Debug|Any CPU.Build.0 = Debug|Any CPU
		{484115F0-4FBF-495C-8DF5-C1A2A381D7F3}.Release|Any CPU.ActiveCfg = Release|Any CPU
		{484115F0-4FBF-495C-8DF5-C1A2A381D7F3}.Release|Any CPU.Build.0 = Release|Any CPU
		{6727353F-98FF-4B69-B9DF-F1DF491B5C21}.Debug|Any CPU.ActiveCfg = Debug|Any CPU
		{6727353F-98FF-4B69-B9DF-F1DF491B5C21}.Debug|Any CPU.Build.0 = Debug|Any CPU
		{6727353F-98FF-4B69-B9DF-F1DF491B5C21}.Release|Any CPU.ActiveCfg = Release|Any CPU
		{6727353F-98FF-4B69-B9DF-F1DF491B5C21}.Release|Any CPU.Build.0 = Release|Any CPU
		{E53D2973-01B3-4675-B6B7-59CDA7FCAC65}.Debug|Any CPU.ActiveCfg = Debug|Any CPU
		{E53D2973-01B3-4675-B6B7-59CDA7FCAC65}.Debug|Any CPU.Build.0 = Debug|Any CPU
		{E53D2973-01B3-4675-B6B7-59CDA7FCAC65}.Release|Any CPU.ActiveCfg = Release|Any CPU
		{E53D2973-01B3-4675-B6B7-59CDA7FCAC65}.Release|Any CPU.Build.0 = Release|Any CPU
	EndGlobalSection
	GlobalSection(NestedProjects) = preSolution
		{28D94A7F-EDA7-4534-91BA-D2FF819DE182} = {20293B33-80CC-4AF2-88E9-D31D93D04962}
		{7CBADFEE-1EB7-4CC9-B633-5BB1662E92D4} = {20293B33-80CC-4AF2-88E9-D31D93D04962}
		{6A637AFD-BF6F-4E30-A959-420C4201BCDD} = {20293B33-80CC-4AF2-88E9-D31D93D04962}
		{71D7643F-FB78-4704-BA97-FE79D9B39B34} = {20293B33-80CC-4AF2-88E9-D31D93D04962}
		{484115F0-4FBF-495C-8DF5-C1A2A381D7F3} = {20293B33-80CC-4AF2-88E9-D31D93D04962}
		{6727353F-98FF-4B69-B9DF-F1DF491B5C21} = {20293B33-80CC-4AF2-88E9-D31D93D04962}
		{E53D2973-01B3-4675-B6B7-59CDA7FCAC65} = {20293B33-80CC-4AF2-88E9-D31D93D04962}
	EndGlobalSection
EndGlobal
